<?xml version="1.0" encoding="utf-8"?>
<Project ToolsVersion="4.0" xmlns="http://schemas.microsoft.com/developer/msbuild/2003">
  <ItemGroup>
    <Filter Include="Source Files">
      <UniqueIdentifier>{4FC737F1-C7A5-4376-A066-2A32D752A2FF}</UniqueIdentifier>
      <Extensions>cpp;c;cc;cxx;c++;cppm;ixx;def;odl;idl;hpj;bat;asm;asmx</Extensions>
    </Filter>
    <Filter Include="Header Files">
      <UniqueIdentifier>{93995380-89BD-4b04-88EB-625FBE52EBFB}</UniqueIdentifier>
      <Extensions>h;hh;hpp;hxx;h++;hm;inl;inc;ipp;xsd</Extensions>
    </Filter>
    <Filter Include="Resource Files">
      <UniqueIdentifier>{67DA6AB6-F800-4c08-8B7A-83BB121AAD01}</UniqueIdentifier>
      <Extensions>rc;ico;cur;bmp;dlg;rc2;rct;bin;rgs;gif;jpg;jpeg;jpe;resx;tiff;tif;png;wav;mfcribbon-ms</Extensions>
    </Filter>
    <Filter Include="Header Files\ccACU">
      <UniqueIdentifier>{1da6481e-07e9-4a27-bc5c-04bcdfa0b0b6}</UniqueIdentifier>
    </Filter>
    <Filter Include="Header Files\ccNOos">
      <UniqueIdentifier>{ad7d7899-f733-40c5-bb87-86a90a8573f1}</UniqueIdentifier>
    </Filter>
    <Filter Include="Header Files\ccOS">
      <UniqueIdentifier>{d16e7065-3650-4caf-91e3-bdd877900135}</UniqueIdentifier>
    </Filter>
    <Filter Include="Source Files\ccACU">
      <UniqueIdentifier>{1bc37b1c-957b-41e3-aace-2f5d59be35b4}</UniqueIdentifier>
    </Filter>
    <Filter Include="Source Files\ccNOos">
      <UniqueIdentifier>{10ef2e7d-b058-40af-b6d5-b0ec2118de59}</UniqueIdentifier>
    </Filter>
    <Filter Include="Source Files\ccOS">
      <UniqueIdentifier>{c289b4c5-2108-4fdc-b58b-39d255d9bdac}</UniqueIdentifier>
    </Filter>
    <Filter Include="Header Files\ccNOos\ccLibs">
      <UniqueIdentifier>{c27f4138-7bef-4fc8-9153-27bf797d88e3}</UniqueIdentifier>
    </Filter>
    <Filter Include="Header Files\ccNOos\ccLibs\devices">
      <UniqueIdentifier>{0bb899f1-694f-4330-94a0-46b9acea3989}</UniqueIdentifier>
    </Filter>
    <Filter Include="Source Files\ccNOos\ccLibs">
      <UniqueIdentifier>{b98680f5-84c5-4623-b008-b967825351a3}</UniqueIdentifier>
    </Filter>
    <Filter Include="Source Files\ccNOos\ccLibs\devices">
      <UniqueIdentifier>{ec4be0a3-0c8a-4221-a956-1abda7881caf}</UniqueIdentifier>
    </Filter>
    <Filter Include="Header Files\ccOS\ccLibs">
      <UniqueIdentifier>{8f807f06-644c-4b5a-9f43-e252e8a152aa}</UniqueIdentifier>
    </Filter>
    <Filter Include="Header Files\ccOS\ccLibs\devices">
      <UniqueIdentifier>{537fea40-b525-4d69-a93a-5198bfcceaa3}</UniqueIdentifier>
    </Filter>
    <Filter Include="Source Files\ccOS\ccLibs">
      <UniqueIdentifier>{e39e8def-154d-43c2-967a-9ec2ae7400d0}</UniqueIdentifier>
    </Filter>
    <Filter Include="Source Files\ccOS\ccLibs\devices">
      <UniqueIdentifier>{aadb172d-2779-43ee-b1f8-ca58c1534fc2}</UniqueIdentifier>
    </Filter>
    <Filter Include="Header Files\SatComACS">
      <UniqueIdentifier>{e6e8e238-1267-4eef-b2e4-648a0af77aff}</UniqueIdentifier>
    </Filter>
    <Filter Include="Source Files\SatComACS">
      <UniqueIdentifier>{b1e95f82-c38e-4aed-ae1a-0134b793bd2d}</UniqueIdentifier>
    </Filter>
    <Filter Include="Header Files\SatComACS\apiModules">
      <UniqueIdentifier>{75654183-2af6-4470-8156-12984a373747}</UniqueIdentifier>
    </Filter>
    <Filter Include="Header Files\SatComACS\deviceModules">
      <UniqueIdentifier>{609fa6bc-83f3-4736-b200-d64e85320d22}</UniqueIdentifier>
    </Filter>
    <Filter Include="Source Files\SatComACS\apiModules">
      <UniqueIdentifier>{00764478-e7fd-4d45-8052-88618e9f8c1d}</UniqueIdentifier>
    </Filter>
    <Filter Include="Source Files\SatComACS\deviceModules">
      <UniqueIdentifier>{c5263df5-8e5b-4212-a28e-32b63d920db5}</UniqueIdentifier>
    </Filter>
    <Filter Include="Header Files\ccACU\apiModules">
      <UniqueIdentifier>{8af8cde6-5d9c-4404-90e9-471993c912f2}</UniqueIdentifier>
    </Filter>
    <Filter Include="Header Files\ccACU\deviceModules">
      <UniqueIdentifier>{6b8f1dee-15bf-414b-9a5d-bc3400111662}</UniqueIdentifier>
    </Filter>
    <Filter Include="Source Files\ccACU\apiModules">
      <UniqueIdentifier>{e5a30135-89d0-4d3a-baf5-bf4bcc51eeda}</UniqueIdentifier>
    </Filter>
    <Filter Include="Source Files\ccACU\deviceModules">
      <UniqueIdentifier>{6bba088c-5c05-4f45-bba2-136576706745}</UniqueIdentifier>
    </Filter>
  </ItemGroup>
  <ItemGroup>
    <ClInclude Include="..\..\ccNOos\ccLibs\acs\satComControl.h">
      <Filter>Header Files\ccNOos\ccLibs</Filter>
    </ClInclude>
    <ClInclude Include="..\..\ccNOos\ccLibs\mcs\motionControl.h">
      <Filter>Header Files\ccNOos\ccLibs</Filter>
    </ClInclude>
    <ClInclude Include="..\..\ccNOos\ccLibs\devices\ADRF6650\ADRF6650.h">
      <Filter>Header Files\ccNOos\ccLibs\devices</Filter>
    </ClInclude>
    <ClInclude Include="..\..\ccNOos\ccLibs\devices\ADRF6650\ADRF6650_Map.h">
      <Filter>Header Files\ccNOos\ccLibs\devices</Filter>
    </ClInclude>
    <ClInclude Include="..\..\ccNOos\ccLibs\devices\HMC1119\HMC1119.h">
      <Filter>Header Files\ccNOos\ccLibs\devices</Filter>
    </ClInclude>
    <ClInclude Include="..\..\ccNOos\ccLibs\devices\HMR3300\HMR3300.h">
      <Filter>Header Files\ccNOos\ccLibs\devices</Filter>
    </ClInclude>
    <ClInclude Include="..\..\ccNOos\ccLibs\devices\LTC2360\LTC2360.h">
      <Filter>Header Files\ccNOos\ccLibs\devices</Filter>
    </ClInclude>
    <ClInclude Include="..\..\ccNOos\ccLibs\devices\MCP23017\MCP23017.h">
      <Filter>Header Files\ccNOos\ccLibs\devices</Filter>
    </ClInclude>
    <ClInclude Include="..\..\ccNOos\ccLibs\devices\NEO_LEA_M8T\NEO_LEA_M8T.h">
      <Filter>Header Files\ccNOos\ccLibs\devices</Filter>
    </ClInclude>
    <ClInclude Include="..\..\ccNOos\computeModule\compute_module.h">
      <Filter>Header Files\ccNOos</Filter>
    </ClInclude>
    <ClInclude Include="..\..\ccNOos\consoleMenu\console_menu.h">
      <Filter>Header Files\ccNOos</Filter>
    </ClInclude>
    <ClInclude Include="..\..\ccNOos\executionSystem\execution_system.h">
      <Filter>Header Files\ccNOos</Filter>
    </ClInclude>
    <ClInclude Include="..\..\ccNOos\executionSystem\version_config.h">
      <Filter>Header Files\ccNOos</Filter>
    </ClInclude>
    <ClInclude Include="..\..\ccNOos\ioDevice\io_device.h">
      <Filter>Header Files\ccNOos</Filter>
    </ClInclude>
    <ClInclude Include="..\..\ccOS\ccLibs\devices\adafruit_ft232h\adafruit_ft232h.h">
      <Filter>Header Files\ccOS\ccLibs\devices</Filter>
    </ClInclude>
    <ClInclude Include="..\..\ccOS\exeThread\exe_thread.hpp">
      <Filter>Header Files\ccOS</Filter>
    </ClInclude>
    <ClInclude Include="..\..\ccOS\osExecutionSystem\os_execution_system.hpp">
      <Filter>Header Files\ccOS</Filter>
    </ClInclude>
    <ClInclude Include="..\..\ccOS\osExecutionSystem\version_config.hpp">
      <Filter>Header Files\ccOS</Filter>
    </ClInclude>
    <ClInclude Include="..\..\ccOS\serialComms\serial_comms.h">
      <Filter>Header Files\ccOS</Filter>
    </ClInclude>
    <ClInclude Include="..\..\ccOS\stdIOExtProc\stdio_extproc.h">
      <Filter>Header Files\ccOS</Filter>
    </ClInclude>
    <ClInclude Include="..\..\ccOS\tcpComms\tcp_comms.h">
      <Filter>Header Files\ccOS</Filter>
    </ClInclude>
    <ClInclude Include="..\..\SatComACS\Application_Solution.h">
      <Filter>Header Files\SatComACS</Filter>
    </ClInclude>
    <ClInclude Include="..\..\SatComACS\PlatformApp_Serialization.h">
      <Filter>Header Files\SatComACS</Filter>
    </ClInclude>
    <ClInclude Include="..\..\SatComACS\apiModules\ConsoleMenu\MenuAPI.h">
      <Filter>Header Files\SatComACS\apiModules</Filter>
    </ClInclude>
    <ClInclude Include="..\..\SatComACS\apiModules\LCDKeyPad\LCDapi.h">
      <Filter>Header Files\SatComACS\apiModules</Filter>
    </ClInclude>
    <ClInclude Include="..\..\SatComACS\deviceModules\APT_WMM\APTmodule.h">
      <Filter>Header Files\SatComACS\deviceModules</Filter>
    </ClInclude>
    <ClInclude Include="..\..\SatComACS\deviceModules\TPM\TPMmodule.h">
      <Filter>Header Files\SatComACS\deviceModules</Filter>
    </ClInclude>
    <ClInclude Include="..\..\SatComACS\deviceModules\TxRx\TxRxmodule.h">
      <Filter>Header Files\SatComACS\deviceModules</Filter>
    </ClInclude>
    <ClInclude Include="..\..\ccACU\osApp_Serialization.hpp">
      <Filter>Header Files\ccACU</Filter>
    </ClInclude>
    <ClInclude Include="..\..\ccACU\osApp_Solution.hpp">
      <Filter>Header Files\ccACU</Filter>
    </ClInclude>
    <ClInclude Include="..\..\ccACU\apiModules\CGI_ServerClass\CGIServerClass.hpp">
      <Filter>Header Files\ccACU\apiModules</Filter>
    </ClInclude>
    <ClInclude Include="..\..\ccACU\apiModules\SNMP_AgentsServer\SNMPAgentsServer.hpp">
      <Filter>Header Files\ccACU\apiModules</Filter>
    </ClInclude>
    <ClInclude Include="..\..\ccACU\apiModules\UI_ServerClass\UIServerClass.hpp">
      <Filter>Header Files\ccACU\apiModules</Filter>
    </ClInclude>
    <ClInclude Include="..\..\ccACU\deviceModules\APT_WMM\APT_WMM_Class.hpp">
      <Filter>Header Files\ccACU\deviceModules</Filter>
    </ClInclude>
    <ClInclude Include="..\..\ccACU\deviceModules\TPM\TPM_Class.hpp">
      <Filter>Header Files\ccACU\deviceModules</Filter>
    </ClInclude>
    <ClInclude Include="..\..\ccACU\deviceModules\TxRx\TxRx_Class.hpp">
      <Filter>Header Files\ccACU\deviceModules</Filter>
    </ClInclude>
    <ClInclude Include="..\..\ccNOos\tests\testPlatforms\Platform_ccOS.hpp">
      <Filter>Header Files</Filter>
    </ClInclude>
    <ClInclude Include="..\..\ccOS\ccLibs\devices\adafruit_ft232h\adafruit_ft232h.c">
      <Filter>Header Files\ccOS\ccLibs\devices</Filter>
    </ClInclude>
    <ClInclude Include="..\..\ccNOos\ccLibs\devices\ADRF6650\ADRF6650.c">
      <Filter>Header Files\ccNOos\ccLibs\devices</Filter>
    </ClInclude>
    <ClInclude Include="..\..\SatComACS\Application_Solution.c">
      <Filter>Header Files\SatComACS</Filter>
    </ClInclude>
    <ClInclude Include="..\..\SatComACS\deviceModules\APT_WMM\APTmodule.c">
      <Filter>Header Files\SatComACS\deviceModules</Filter>
    </ClInclude>
    <ClInclude Include="..\..\ccNOos\computeModule\compute_module.c">
      <Filter>Header Files\ccNOos</Filter>
    </ClInclude>
    <ClInclude Include="..\..\ccNOos\consoleMenu\console_menu.c">
      <Filter>Header Files\ccNOos</Filter>
    </ClInclude>
    <ClInclude Include="..\..\ccNOos\executionSystem\execution_system.c">
      <Filter>Header Files\ccNOos</Filter>
    </ClInclude>
    <ClInclude Include="..\..\ccNOos\ccLibs\devices\HMC1119\HMC1119.c">
      <Filter>Header Files\ccNOos\ccLibs\devices</Filter>
    </ClInclude>
    <ClInclude Include="..\..\ccNOos\ccLibs\devices\HMR3300\HMR3300.c">
      <Filter>Header Files\ccNOos\ccLibs\devices</Filter>
    </ClInclude>
    <ClInclude Include="..\..\ccNOos\ioDevice\io_device.c">
      <Filter>Header Files\ccNOos</Filter>
    </ClInclude>
    <ClInclude Include="..\..\SatComACS\apiModules\LCDKeyPad\LCDapi.c">
      <Filter>Header Files\SatComACS\apiModules</Filter>
    </ClInclude>
    <ClInclude Include="..\..\ccNOos\ccLibs\devices\LTC2360\LTC2360.c">
      <Filter>Header Files\ccNOos\ccLibs\devices</Filter>
    </ClInclude>
    <ClInclude Include="..\..\ccNOos\ccLibs\devices\MCP23017\MCP23017.c">
      <Filter>Header Files\ccNOos\ccLibs\devices</Filter>
    </ClInclude>
    <ClInclude Include="..\..\SatComACS\apiModules\ConsoleMenu\MenuAPI.c">
      <Filter>Header Files\SatComACS\apiModules</Filter>
    </ClInclude>
    <ClInclude Include="..\..\ccNOos\ccLibs\mcs\motionControl.c">
      <Filter>Header Files\ccNOos\ccLibs</Filter>
    </ClInclude>
    <ClInclude Include="..\..\ccNOos\ccLibs\devices\NEO_LEA_M8T\NEO_LEA_M8T.c">
      <Filter>Header Files\ccNOos\ccLibs\devices</Filter>
    </ClInclude>
    <ClInclude Include="..\..\SatComACS\PlatformApp_Serialization.c">
      <Filter>Header Files\SatComACS</Filter>
    </ClInclude>
    <ClInclude Include="..\..\ccNOos\ccLibs\acs\satComControl.c">
      <Filter>Header Files\ccNOos\ccLibs</Filter>
    </ClInclude>
    <ClInclude Include="..\..\ccOS\serialComms\serial_comms.c">
      <Filter>Header Files\ccOS</Filter>
    </ClInclude>
    <ClInclude Include="..\..\ccOS\stdIOExtProc\stdio_extproc.c">
      <Filter>Header Files\ccOS</Filter>
    </ClInclude>
    <ClInclude Include="..\..\ccOS\tcpComms\tcp_comms.c">
      <Filter>Header Files\ccOS</Filter>
    </ClInclude>
    <ClInclude Include="..\..\SatComACS\deviceModules\TPM\TPMmodule.c">
      <Filter>Header Files\SatComACS\deviceModules</Filter>
    </ClInclude>
    <ClInclude Include="..\..\SatComACS\deviceModules\TxRx\TxRxmodule.c">
      <Filter>Header Files\SatComACS\deviceModules</Filter>
    </ClInclude>
    <ClInclude Include="..\..\ccACU\deviceModules\ManagedSwitch\ManagedSwitchClass.hpp">
      <Filter>Header Files\ccACU\deviceModules</Filter>
    </ClInclude>
    <ClInclude Include="..\..\ccACU\deviceModules\Modem\ModemClass.hpp">
      <Filter>Header Files\ccACU\deviceModules</Filter>
    </ClInclude>
    <ClInclude Include="..\..\ccNOos\packetsAPI\packets_api.h">
      <Filter>Header Files\ccNOos</Filter>
    </ClInclude>
    <ClInclude Include="..\..\ccNOos\packetsAPI\packets_api.c">
      <Filter>Header Files\ccNOos</Filter>
    </ClInclude>
  </ItemGroup>
  <ItemGroup>
    <ClCompile Include="..\..\ccNOos\ccLibs\acs\satComControl.cpp">
      <Filter>Source Files\ccNOos\ccLibs</Filter>
    </ClCompile>
    <ClCompile Include="..\..\ccNOos\ccLibs\mcs\motionControl.cpp">
      <Filter>Source Files\ccNOos\ccLibs</Filter>
    </ClCompile>
    <ClCompile Include="..\..\ccNOos\ccLibs\devices\ADRF6650\ADRF6650.cpp">
      <Filter>Source Files\ccNOos\ccLibs\devices</Filter>
    </ClCompile>
    <ClCompile Include="..\..\ccNOos\ccLibs\devices\HMC1119\HMC1119.cpp">
      <Filter>Source Files\ccNOos\ccLibs\devices</Filter>
    </ClCompile>
    <ClCompile Include="..\..\ccNOos\ccLibs\devices\HMR3300\HMR3300.cpp">
      <Filter>Source Files\ccNOos\ccLibs\devices</Filter>
    </ClCompile>
    <ClCompile Include="..\..\ccNOos\ccLibs\devices\LTC2360\LTC2360.cpp">
      <Filter>Source Files\ccNOos\ccLibs\devices</Filter>
    </ClCompile>
    <ClCompile Include="..\..\ccNOos\ccLibs\devices\MCP23017\MCP23017.cpp">
      <Filter>Source Files\ccNOos\ccLibs\devices</Filter>
    </ClCompile>
    <ClCompile Include="..\..\ccNOos\ccLibs\devices\NEO_LEA_M8T\NEO_LEA_M8T.cpp">
      <Filter>Source Files\ccNOos\ccLibs\devices</Filter>
    </ClCompile>
    <ClCompile Include="..\..\ccNOos\computeModule\compute_module_class.cpp">
      <Filter>Source Files\ccNOos</Filter>
    </ClCompile>
    <ClCompile Include="..\..\ccNOos\consoleMenu\console_menu_class.cpp">
      <Filter>Source Files\ccNOos</Filter>
    </ClCompile>
    <ClCompile Include="..\..\ccNOos\executionSystem\execution_system_class.cpp">
      <Filter>Source Files\ccNOos</Filter>
    </ClCompile>
    <ClCompile Include="..\..\ccNOos\ioDevice\io_device_class.cpp">
      <Filter>Header Files\ccNOos</Filter>
    </ClCompile>
    <ClCompile Include="..\..\ccOS\ccLibs\devices\adafruit_ft232h\adafruit_ft232h.cpp">
      <Filter>Source Files\ccOS\ccLibs\devices</Filter>
    </ClCompile>
    <ClCompile Include="..\..\ccOS\exeThread\exe_thread.cpp">
      <Filter>Source Files\ccOS</Filter>
    </ClCompile>
    <ClCompile Include="..\..\ccOS\osExecutionSystem\os_execution_system.cpp">
      <Filter>Source Files\ccOS</Filter>
    </ClCompile>
    <ClCompile Include="..\..\ccOS\serialComms\serial_comms_class.cpp">
      <Filter>Source Files\ccOS</Filter>
    </ClCompile>
    <ClCompile Include="..\..\ccOS\stdIOExtProc\stdio_extproc.cpp">
      <Filter>Source Files\ccOS</Filter>
    </ClCompile>
    <ClCompile Include="..\..\ccOS\tcpComms\tcp_comms_class.cpp">
      <Filter>Source Files\ccOS</Filter>
    </ClCompile>
    <ClCompile Include="..\..\SatComACS\Application_Solution.cpp">
      <Filter>Source Files\SatComACS</Filter>
    </ClCompile>
    <ClCompile Include="..\..\SatComACS\PlatformApp_Serialization.cpp">
      <Filter>Source Files\SatComACS</Filter>
    </ClCompile>
    <ClCompile Include="..\..\SatComACS\apiModules\LCDKeyPad\LCDapi.cpp">
      <Filter>Source Files\SatComACS\apiModules</Filter>
    </ClCompile>
    <ClCompile Include="..\..\SatComACS\apiModules\ConsoleMenu\MenuAPI.cpp">
      <Filter>Source Files\SatComACS\apiModules</Filter>
    </ClCompile>
    <ClCompile Include="..\..\SatComACS\deviceModules\APT_WMM\APTmodule.cpp">
      <Filter>Source Files\SatComACS\deviceModules</Filter>
    </ClCompile>
    <ClCompile Include="..\..\SatComACS\deviceModules\TPM\TPMmodule.cpp">
      <Filter>Source Files\SatComACS\deviceModules</Filter>
    </ClCompile>
    <ClCompile Include="..\..\SatComACS\deviceModules\TxRx\TxRxmodule.cpp">
      <Filter>Source Files\SatComACS\deviceModules</Filter>
    </ClCompile>
    <ClCompile Include="..\..\ccACU\osApp_Serialization.cpp">
      <Filter>Source Files\ccACU</Filter>
    </ClCompile>
    <ClCompile Include="..\..\ccACU\osApp_Solution.cpp">
      <Filter>Source Files\ccACU</Filter>
    </ClCompile>
    <ClCompile Include="..\..\ccACU\apiModules\CGI_ServerClass\CGIServerClass.cpp">
      <Filter>Source Files\ccACU\apiModules</Filter>
    </ClCompile>
    <ClCompile Include="..\..\ccACU\apiModules\SNMP_AgentsServer\SNMPAgentsServer.cpp">
      <Filter>Source Files\ccACU\apiModules</Filter>
    </ClCompile>
    <ClCompile Include="..\..\ccACU\apiModules\UI_ServerClass\UIServerClass.cpp">
      <Filter>Source Files\ccACU\apiModules</Filter>
    </ClCompile>
    <ClCompile Include="..\..\ccACU\deviceModules\APT_WMM\APT_WMM_Class.cpp">
      <Filter>Source Files\ccACU\deviceModules</Filter>
    </ClCompile>
    <ClCompile Include="..\..\ccACU\deviceModules\TPM\TPM_Class.cpp">
      <Filter>Source Files\ccACU\deviceModules</Filter>
    </ClCompile>
    <ClCompile Include="..\..\ccACU\deviceModules\TxRx\TxRx_Class.cpp">
      <Filter>Source Files\ccACU\deviceModules</Filter>
    </ClCompile>
    <ClCompile Include="..\..\ccACU\deviceModules\ManagedSwitch\ManagedSwitchClass.cpp">
      <Filter>Header Files\ccACU\deviceModules</Filter>
    </ClCompile>
    <ClCompile Include="..\..\ccACU\deviceModules\Modem\ModemClass.cpp">
      <Filter>Header Files\ccACU\deviceModules</Filter>
    </ClCompile>
    <ClCompile Include="..\..\ccNOos\packetsAPI\packets_api_class.cpp">
      <Filter>Source Files\ccNOos</Filter>
    </ClCompile>
  </ItemGroup>
</Project>